
Microsoft Visual Studio Solution File, Format Version 11.00
# Visual Studio 2010
Project("{FAE04EC0-301F-11D3-BF4B-00C04F79EFBC}") = "Personal", "Assembly-CSharp-firstpass.csproj", "{6709560A-A45F-DF21-920F-22F6F20B1388}"
EndProject
Project("{FAE04EC0-301F-11D3-BF4B-00C04F79EFBC}") = "Personal", "Assembly-CSharp.csproj", "{08F06289-8721-2F0D-8621-38E64538D61C}"
EndProject
Project("{FAE04EC0-301F-11D3-BF4B-00C04F79EFBC}") = "Personal", "Assembly-CSharp-Editor-firstpass.csproj", "{27D5F1B1-8457-836E-09A5-637CB1B678D3}"
EndProject
Project("{FAE04EC0-301F-11D3-BF4B-00C04F79EFBC}") = "Personal", "Assembly-CSharp-Editor.csproj", "{A50C3958-D030-54D1-C05C-028D60C7E93C}"
EndProject
Global
	GlobalSection(SolutionConfigurationPlatforms) = preSolution
		Debug|Any CPU = Debug|Any CPU
		Release|Any CPU = Release|Any CPU
	EndGlobalSection
	GlobalSection(ProjectConfigurationPlatforms) = postSolution
		{6709560A-A45F-DF21-920F-22F6F20B1388}.Debug|Any CPU.ActiveCfg = Debug|Any CPU
		{6709560A-A45F-DF21-920F-22F6F20B1388}.Debug|Any CPU.Build.0 = Debug|Any CPU
		{6709560A-A45F-DF21-920F-22F6F20B1388}.Release|Any CPU.ActiveCfg = Release|Any CPU
		{6709560A-A45F-DF21-920F-22F6F20B1388}.Release|Any CPU.Build.0 = Release|Any CPU
		{08F06289-8721-2F0D-8621-38E64538D61C}.Debug|Any CPU.ActiveCfg = Debug|Any CPU
		{08F06289-8721-2F0D-8621-38E64538D61C}.Debug|Any CPU.Build.0 = Debug|Any CPU
		{08F06289-8721-2F0D-8621-38E64538D61C}.Release|Any CPU.ActiveCfg = Release|Any CPU
		{08F06289-8721-2F0D-8621-38E64538D61C}.Release|Any CPU.Build.0 = Release|Any CPU
		{27D5F1B1-8457-836E-09A5-637CB1B678D3}.Debug|Any CPU.ActiveCfg = Debug|Any CPU
		{27D5F1B1-8457-836E-09A5-637CB1B678D3}.Debug|Any CPU.Build.0 = Debug|Any CPU
		{27D5F1B1-8457-836E-09A5-637CB1B678D3}.Release|Any CPU.ActiveCfg = Release|Any CPU
		{27D5F1B1-8457-836E-09A5-637CB1B678D3}.Release|Any CPU.Build.0 = Release|Any CPU
		{A50C3958-D030-54D1-C05C-028D60C7E93C}.Debug|Any CPU.ActiveCfg = Debug|Any CPU
		{A50C3958-D030-54D1-C05C-028D60C7E93C}.Debug|Any CPU.Build.0 = Debug|Any CPU
		{A50C3958-D030-54D1-C05C-028D60C7E93C}.Release|Any CPU.ActiveCfg = Release|Any CPU
		{A50C3958-D030-54D1-C05C-028D60C7E93C}.Release|Any CPU.Build.0 = Release|Any CPU
	EndGlobalSection
	GlobalSection(SolutionProperties) = preSolution
		HideSolutionNode = FALSE
	EndGlobalSection
	GlobalSection(MonoDevelopProperties) = preSolution
		StartupItem = Assembly-CSharp.csproj
	EndGlobalSection
EndGlobal
